Microsoft Visual Studio Solution File, Format Version 11.00
# Visual Studio 2008

Project("{4E8CF88D-B821-09E4-50CE-3FF2C532D3FB}") = "Trellis", "Assembly-CSharp.csproj", "{02679E8A-5604-EFCA-71A3-2E8B520E466A}"
EndProject
Global
	GlobalSection(SolutionConfigurationPlatforms) = preSolution
		Debug|Any CPU = Debug|Any CPU
		Release|Any CPU = Release|Any CPU
	EndGlobalSection
	GlobalSection(ProjectConfigurationPlatforms) = postSolution
		{02679E8A-5604-EFCA-71A3-2E8B520E466A}.Debug|Any CPU.ActiveCfg = Debug|Any CPU
		{02679E8A-5604-EFCA-71A3-2E8B520E466A}.Debug|Any CPU.Build.0 = Debug|Any CPU
		{02679E8A-5604-EFCA-71A3-2E8B520E466A}.Release|Any CPU.ActiveCfg = Release|Any CPU
		{02679E8A-5604-EFCA-71A3-2E8B520E466A}.Release|Any CPU.Build.0 = Release|Any CPU
	EndGlobalSection
	GlobalSection(SolutionProperties) = preSolution
		HideSolutionNode = FALSE
	EndGlobalSection
														GlobalSection(MonoDevelopProperties) = preSolution
		StartupItem = Assembly-CSharp.csproj
		Policies = $0
		$0.TextStylePolicy = $1
		$1.inheritsSet = null
		$1.scope = text/x-csharp
		$0.CSharpFormattingPolicy = $2
		$2.inheritsSet = Mono
		$2.inheritsScope = text/x-csharp
		$2.scope = text/x-csharp
		$0.TextStylePolicy = $3
		$3.FileWidth = 120
		$3.TabWidth = 4
		$3.IndentWidth = 4
		$3.EolMarker = Unix
		$3.inheritsSet = Mono
		$3.inheritsScope = text/plain
		$3.scope = text/plain
	EndGlobalSection

EndGlobal
